
Microsoft Visual Studio Solution File, Format Version 12.00
# Visual Studio 14
VisualStudioVersion = 14.0.25420.1
MinimumVisualStudioVersion = 10.0.40219.1
Project("{FAE04EC0-301F-11D3-BF4B-00C04F79EFBC}") = "CozmicMinner", "CozmicMinner\CozmicMinner.csproj", "{2F2EFEF5-EF54-402B-AB85-01640A804590}"
EndProject
Project("{FAE04EC0-301F-11D3-BF4B-00C04F79EFBC}") = "MinnerDataAccess", "MinnerDataAccess\MinnerDataAccess.csproj", "{F9B6C464-CC61-4964-A913-B7B3E8780C6A}"
EndProject
Project("{FAE04EC0-301F-11D3-BF4B-00C04F79EFBC}") = "CozmicMinnerSetup", "CozmicMinnerSetup\CozmicMinnerSetup.csproj", "{C7388714-582A-40C6-8FCD-1AF8FC070579}"
EndProject
Project("{FAE04EC0-301F-11D3-BF4B-00C04F79EFBC}") = "CozmicAPI.Tests", "CozmicAPI.Tests\CozmicAPI.Tests.csproj", "{3CC2433F-8433-4E60-B068-53C6A233CD23}"
EndProject
Project("{2150E333-8FDC-42A3-9474-1A3956D46DE8}") = "Test", "Test", "{741A961F-7C55-4099-B702-B37971FC974F}"
EndProject
Project("{FAE04EC0-301F-11D3-BF4B-00C04F79EFBC}") = "WindowsFrom_Test", "WindowsFrom_Test\WindowsFrom_Test.csproj", "{7C82C939-D848-4527-AC09-154E2E58950C}"
EndProject
Global
	GlobalSection(SolutionConfigurationPlatforms) = preSolution
		Debug|Any CPU = Debug|Any CPU
		Release|Any CPU = Release|Any CPU
	EndGlobalSection
	GlobalSection(ProjectConfigurationPlatforms) = postSolution
		{2F2EFEF5-EF54-402B-AB85-01640A804590}.Debug|Any CPU.ActiveCfg = Debug|Any CPU
		{2F2EFEF5-EF54-402B-AB85-01640A804590}.Debug|Any CPU.Build.0 = Debug|Any CPU
		{2F2EFEF5-EF54-402B-AB85-01640A804590}.Release|Any CPU.ActiveCfg = Release|Any CPU
		{2F2EFEF5-EF54-402B-AB85-01640A804590}.Release|Any CPU.Build.0 = Release|Any CPU
		{F9B6C464-CC61-4964-A913-B7B3E8780C6A}.Debug|Any CPU.ActiveCfg = Debug|Any CPU
		{F9B6C464-CC61-4964-A913-B7B3E8780C6A}.Debug|Any CPU.Build.0 = Debug|Any CPU
		{F9B6C464-CC61-4964-A913-B7B3E8780C6A}.Release|Any CPU.ActiveCfg = Release|Any CPU
		{F9B6C464-CC61-4964-A913-B7B3E8780C6A}.Release|Any CPU.Build.0 = Release|Any CPU
		{C7388714-582A-40C6-8FCD-1AF8FC070579}.Debug|Any CPU.ActiveCfg = Debug|Any CPU
		{C7388714-582A-40C6-8FCD-1AF8FC070579}.Debug|Any CPU.Build.0 = Debug|Any CPU
		{C7388714-582A-40C6-8FCD-1AF8FC070579}.Release|Any CPU.ActiveCfg = Release|Any CPU
		{C7388714-582A-40C6-8FCD-1AF8FC070579}.Release|Any CPU.Build.0 = Release|Any CPU
		{3CC2433F-8433-4E60-B068-53C6A233CD23}.Debug|Any CPU.ActiveCfg = Debug|Any CPU
		{3CC2433F-8433-4E60-B068-53C6A233CD23}.Debug|Any CPU.Build.0 = Debug|Any CPU
		{3CC2433F-8433-4E60-B068-53C6A233CD23}.Release|Any CPU.ActiveCfg = Release|Any CPU
		{3CC2433F-8433-4E60-B068-53C6A233CD23}.Release|Any CPU.Build.0 = Release|Any CPU
		{7C82C939-D848-4527-AC09-154E2E58950C}.Debug|Any CPU.ActiveCfg = Debug|Any CPU
		{7C82C939-D848-4527-AC09-154E2E58950C}.Debug|Any CPU.Build.0 = Debug|Any CPU
		{7C82C939-D848-4527-AC09-154E2E58950C}.Release|Any CPU.ActiveCfg = Release|Any CPU
		{7C82C939-D848-4527-AC09-154E2E58950C}.Release|Any CPU.Build.0 = Release|Any CPU
	EndGlobalSection
	GlobalSection(SolutionProperties) = preSolution
		HideSolutionNode = FALSE
	EndGlobalSection
	GlobalSection(NestedProjects) = preSolution
		{3CC2433F-8433-4E60-B068-53C6A233CD23} = {741A961F-7C55-4099-B702-B37971FC974F}
		{7C82C939-D848-4527-AC09-154E2E58950C} = {741A961F-7C55-4099-B702-B37971FC974F}
	EndGlobalSection
EndGlobal
